
Microsoft Visual Studio Solution File, Format Version 12.00
# Visual Studio Version 16
VisualStudioVersion = 16.0.32929.386
MinimumVisualStudioVersion = 10.0.40219.1
Project("{FAE04EC0-301F-11D3-BF4B-00C04F79EFBC}") = "WebApplication1", "WebApplication1.csproj", "{C67D8781-6233-42E2-877D-08B48AC63278}"
EndProject
Global
	GlobalSection(SolutionConfigurationPlatforms) = preSolution
		Debug|Any CPU = Debug|Any CPU
		Release|Any CPU = Release|Any CPU
	EndGlobalSection
	GlobalSection(ProjectConfigurationPlatforms) = postSolution
		{C67D8781-6233-42E2-877D-08B48AC63278}.Debug|Any CPU.ActiveCfg = Debug|Any CPU
		{C67D8781-6233-42E2-877D-08B48AC63278}.Debug|Any CPU.Build.0 = Debug|Any CPU
		{C67D8781-6233-42E2-877D-08B48AC63278}.Release|Any CPU.ActiveCfg = Release|Any CPU
		{C67D8781-6233-42E2-877D-08B48AC63278}.Release|Any CPU.Build.0 = Release|Any CPU
	EndGlobalSection
	GlobalSection(SolutionProperties) = preSolution
		HideSolutionNode = FALSE
	EndGlobalSection
	GlobalSection(ExtensibilityGlobals) = postSolution
		SolutionGuid = {61B4F7A6-A69F-4E2C-935E-83F024D446B3}
	EndGlobalSection
EndGlobal
